
Microsoft Visual Studio Solution File, Format Version 12.00
# Visual Studio Version 17
Project("{8BC9CEB8-8B4A-11D0-8D11-00A0C91BC942}") = "ALL_BUILD", "ALL_BUILD.vcxproj", "{055682FC-238D-3BAD-9925-3F69B83120E8}"
	ProjectSection(ProjectDependencies) = postProject
		{9F055A95-238F-3CA5-877B-E15EB5DC545A} = {9F055A95-238F-3CA5-877B-E15EB5DC545A}
		{937047AF-F99C-3E15-9EAC-182239D240A7} = {937047AF-F99C-3E15-9EAC-182239D240A7}
		{5565D2FA-3D77-36F4-A645-0A112CAB6D08} = {5565D2FA-3D77-36F4-A645-0A112CAB6D08}
		{EE3EC072-1E9D-3949-9FB9-146A66DE40DC} = {EE3EC072-1E9D-3949-9FB9-146A66DE40DC}
	EndProjectSection
EndProject
Project("{8BC9CEB8-8B4A-11D0-8D11-00A0C91BC942}") = "INSTALL", "INSTALL.vcxproj", "{B57A42D5-4519-3378-B3D5-39AEF8D16141}"
	ProjectSection(ProjectDependencies) = postProject
		{055682FC-238D-3BAD-9925-3F69B83120E8} = {055682FC-238D-3BAD-9925-3F69B83120E8}
		{9F055A95-238F-3CA5-877B-E15EB5DC545A} = {9F055A95-238F-3CA5-877B-E15EB5DC545A}
	EndProjectSection
EndProject
Project("{8BC9CEB8-8B4A-11D0-8D11-00A0C91BC942}") = "UpdateAssimpLibsDebugSymbolsAndDLLs", "UpdateAssimpLibsDebugSymbolsAndDLLs.vcxproj", "{AC90BFBE-9339-3E77-923C-6CA4C385619E}"
	ProjectSection(ProjectDependencies) = postProject
		{9F055A95-238F-3CA5-877B-E15EB5DC545A} = {9F055A95-238F-3CA5-877B-E15EB5DC545A}
	EndProjectSection
EndProject
Project("{8BC9CEB8-8B4A-11D0-8D11-00A0C91BC942}") = "ZERO_CHECK", "ZERO_CHECK.vcxproj", "{9F055A95-238F-3CA5-877B-E15EB5DC545A}"
	ProjectSection(ProjectDependencies) = postProject
	EndProjectSection
EndProject
Project("{8BC9CEB8-8B4A-11D0-8D11-00A0C91BC942}") = "assimp", "code\assimp.vcxproj", "{937047AF-F99C-3E15-9EAC-182239D240A7}"
	ProjectSection(ProjectDependencies) = postProject
		{9F055A95-238F-3CA5-877B-E15EB5DC545A} = {9F055A95-238F-3CA5-877B-E15EB5DC545A}
		{EE3EC072-1E9D-3949-9FB9-146A66DE40DC} = {EE3EC072-1E9D-3949-9FB9-146A66DE40DC}
	EndProjectSection
EndProject
Project("{8BC9CEB8-8B4A-11D0-8D11-00A0C91BC942}") = "uninstall", "uninstall.vcxproj", "{F7009C70-7B89-3B4B-B335-2C02FFF4F09F}"
	ProjectSection(ProjectDependencies) = postProject
		{9F055A95-238F-3CA5-877B-E15EB5DC545A} = {9F055A95-238F-3CA5-877B-E15EB5DC545A}
	EndProjectSection
EndProject
Project("{8BC9CEB8-8B4A-11D0-8D11-00A0C91BC942}") = "unit", "test\unit.vcxproj", "{5565D2FA-3D77-36F4-A645-0A112CAB6D08}"
	ProjectSection(ProjectDependencies) = postProject
		{9F055A95-238F-3CA5-877B-E15EB5DC545A} = {9F055A95-238F-3CA5-877B-E15EB5DC545A}
		{937047AF-F99C-3E15-9EAC-182239D240A7} = {937047AF-F99C-3E15-9EAC-182239D240A7}
		{EE3EC072-1E9D-3949-9FB9-146A66DE40DC} = {EE3EC072-1E9D-3949-9FB9-146A66DE40DC}
	EndProjectSection
EndProject
Project("{8BC9CEB8-8B4A-11D0-8D11-00A0C91BC942}") = "zlibstatic", "contrib\zlib\zlibstatic.vcxproj", "{EE3EC072-1E9D-3949-9FB9-146A66DE40DC}"
	ProjectSection(ProjectDependencies) = postProject
		{9F055A95-238F-3CA5-877B-E15EB5DC545A} = {9F055A95-238F-3CA5-877B-E15EB5DC545A}
	EndProjectSection
EndProject
Global
	GlobalSection(SolutionConfigurationPlatforms) = preSolution
		Debug|x64 = Debug|x64
		Release|x64 = Release|x64
		MinSizeRel|x64 = MinSizeRel|x64
		RelWithDebInfo|x64 = RelWithDebInfo|x64
	EndGlobalSection
	GlobalSection(ProjectConfigurationPlatforms) = postSolution
		{055682FC-238D-3BAD-9925-3F69B83120E8}.Debug|x64.ActiveCfg = Debug|x64
		{055682FC-238D-3BAD-9925-3F69B83120E8}.Debug|x64.Build.0 = Debug|x64
		{055682FC-238D-3BAD-9925-3F69B83120E8}.Release|x64.ActiveCfg = Release|x64
		{055682FC-238D-3BAD-9925-3F69B83120E8}.Release|x64.Build.0 = Release|x64
		{055682FC-238D-3BAD-9925-3F69B83120E8}.MinSizeRel|x64.ActiveCfg = MinSizeRel|x64
		{055682FC-238D-3BAD-9925-3F69B83120E8}.MinSizeRel|x64.Build.0 = MinSizeRel|x64
		{055682FC-238D-3BAD-9925-3F69B83120E8}.RelWithDebInfo|x64.ActiveCfg = RelWithDebInfo|x64
		{055682FC-238D-3BAD-9925-3F69B83120E8}.RelWithDebInfo|x64.Build.0 = RelWithDebInfo|x64
		{B57A42D5-4519-3378-B3D5-39AEF8D16141}.Debug|x64.ActiveCfg = Debug|x64
		{B57A42D5-4519-3378-B3D5-39AEF8D16141}.Release|x64.ActiveCfg = Release|x64
		{B57A42D5-4519-3378-B3D5-39AEF8D16141}.MinSizeRel|x64.ActiveCfg = MinSizeRel|x64
		{B57A42D5-4519-3378-B3D5-39AEF8D16141}.RelWithDebInfo|x64.ActiveCfg = RelWithDebInfo|x64
		{AC90BFBE-9339-3E77-923C-6CA4C385619E}.Debug|x64.ActiveCfg = Debug|x64
		{AC90BFBE-9339-3E77-923C-6CA4C385619E}.Release|x64.ActiveCfg = Release|x64
		{AC90BFBE-9339-3E77-923C-6CA4C385619E}.MinSizeRel|x64.ActiveCfg = MinSizeRel|x64
		{AC90BFBE-9339-3E77-923C-6CA4C385619E}.RelWithDebInfo|x64.ActiveCfg = RelWithDebInfo|x64
		{9F055A95-238F-3CA5-877B-E15EB5DC545A}.Debug|x64.ActiveCfg = Debug|x64
		{9F055A95-238F-3CA5-877B-E15EB5DC545A}.Debug|x64.Build.0 = Debug|x64
		{9F055A95-238F-3CA5-877B-E15EB5DC545A}.Release|x64.ActiveCfg = Release|x64
		{9F055A95-238F-3CA5-877B-E15EB5DC545A}.Release|x64.Build.0 = Release|x64
		{9F055A95-238F-3CA5-877B-E15EB5DC545A}.MinSizeRel|x64.ActiveCfg = MinSizeRel|x64
		{9F055A95-238F-3CA5-877B-E15EB5DC545A}.MinSizeRel|x64.Build.0 = MinSizeRel|x64
		{9F055A95-238F-3CA5-877B-E15EB5DC545A}.RelWithDebInfo|x64.ActiveCfg = RelWithDebInfo|x64
		{9F055A95-238F-3CA5-877B-E15EB5DC545A}.RelWithDebInfo|x64.Build.0 = RelWithDebInfo|x64
		{937047AF-F99C-3E15-9EAC-182239D240A7}.Debug|x64.ActiveCfg = Debug|x64
		{937047AF-F99C-3E15-9EAC-182239D240A7}.Debug|x64.Build.0 = Debug|x64
		{937047AF-F99C-3E15-9EAC-182239D240A7}.Release|x64.ActiveCfg = Release|x64
		{937047AF-F99C-3E15-9EAC-182239D240A7}.Release|x64.Build.0 = Release|x64
		{937047AF-F99C-3E15-9EAC-182239D240A7}.MinSizeRel|x64.ActiveCfg = MinSizeRel|x64
		{937047AF-F99C-3E15-9EAC-182239D240A7}.MinSizeRel|x64.Build.0 = MinSizeRel|x64
		{937047AF-F99C-3E15-9EAC-182239D240A7}.RelWithDebInfo|x64.ActiveCfg = RelWithDebInfo|x64
		{937047AF-F99C-3E15-9EAC-182239D240A7}.RelWithDebInfo|x64.Build.0 = RelWithDebInfo|x64
		{F7009C70-7B89-3B4B-B335-2C02FFF4F09F}.Debug|x64.ActiveCfg = Debug|x64
		{F7009C70-7B89-3B4B-B335-2C02FFF4F09F}.Release|x64.ActiveCfg = Release|x64
		{F7009C70-7B89-3B4B-B335-2C02FFF4F09F}.MinSizeRel|x64.ActiveCfg = MinSizeRel|x64
		{F7009C70-7B89-3B4B-B335-2C02FFF4F09F}.RelWithDebInfo|x64.ActiveCfg = RelWithDebInfo|x64
		{5565D2FA-3D77-36F4-A645-0A112CAB6D08}.Debug|x64.ActiveCfg = Debug|x64
		{5565D2FA-3D77-36F4-A645-0A112CAB6D08}.Debug|x64.Build.0 = Debug|x64
		{5565D2FA-3D77-36F4-A645-0A112CAB6D08}.Release|x64.ActiveCfg = Release|x64
		{5565D2FA-3D77-36F4-A645-0A112CAB6D08}.Release|x64.Build.0 = Release|x64
		{5565D2FA-3D77-36F4-A645-0A112CAB6D08}.MinSizeRel|x64.ActiveCfg = MinSizeRel|x64
		{5565D2FA-3D77-36F4-A645-0A112CAB6D08}.MinSizeRel|x64.Build.0 = MinSizeRel|x64
		{5565D2FA-3D77-36F4-A645-0A112CAB6D08}.RelWithDebInfo|x64.ActiveCfg = RelWithDebInfo|x64
		{5565D2FA-3D77-36F4-A645-0A112CAB6D08}.RelWithDebInfo|x64.Build.0 = RelWithDebInfo|x64
		{EE3EC072-1E9D-3949-9FB9-146A66DE40DC}.Debug|x64.ActiveCfg = Debug|x64
		{EE3EC072-1E9D-3949-9FB9-146A66DE40DC}.Debug|x64.Build.0 = Debug|x64
		{EE3EC072-1E9D-3949-9FB9-146A66DE40DC}.Release|x64.ActiveCfg = Release|x64
		{EE3EC072-1E9D-3949-9FB9-146A66DE40DC}.Release|x64.Build.0 = Release|x64
		{EE3EC072-1E9D-3949-9FB9-146A66DE40DC}.MinSizeRel|x64.ActiveCfg = MinSizeRel|x64
		{EE3EC072-1E9D-3949-9FB9-146A66DE40DC}.MinSizeRel|x64.Build.0 = MinSizeRel|x64
		{EE3EC072-1E9D-3949-9FB9-146A66DE40DC}.RelWithDebInfo|x64.ActiveCfg = RelWithDebInfo|x64
		{EE3EC072-1E9D-3949-9FB9-146A66DE40DC}.RelWithDebInfo|x64.Build.0 = RelWithDebInfo|x64
	EndGlobalSection
	GlobalSection(ExtensibilityGlobals) = postSolution
		SolutionGuid = {8260E53A-1A18-35B0-83DC-EBE402EF7169}
	EndGlobalSection
	GlobalSection(ExtensibilityAddIns) = postSolution
	EndGlobalSection
EndGlobal
